{
  "name": "2ndApp",
  "lockfileVersion": 2,
  "requires": true,
  "packages": {
    "": {
      "dependencies": {
        "electron.js": "^0.0.1"
      }
    },
    "node_modules/electron.js": {
      "version": "0.0.1",
      "resolved": "https://registry.npmjs.org/electron.js/-/electron.js-0.0.1.tgz",
      "integrity": "sha512-m4ur4tfk9qZsnsxEIpjv5BpbwNbgeBp5UPXwT1FfQeMWpq8QtNN8ftckvWOC7gqyJywEy1e6OkGa1Zrqvh6U5g==",
      "deprecated": "moved to pixel-dc.js"
    }
  },
  "dependencies": {
    "electron.js": {
      "version": "0.0.1",
      "resolved": "https://registry.npmjs.org/electron.js/-/electron.js-0.0.1.tgz",
      "integrity": "sha512-m4ur4tfk9qZsnsxEIpjv5BpbwNbgeBp5UPXwT1FfQeMWpq8QtNN8ftckvWOC7gqyJywEy1e6OkGa1Zrqvh6U5g=="
    }
  }
}
